
Microsoft Visual Studio Solution File, Format Version 12.00
# Visual Studio Version 17
VisualStudioVersion = 17.0.32112.339
MinimumVisualStudioVersion = 10.0.40219.1
Project("{8BC9CEB8-8B4A-11D0-8D11-00A0C91BC942}") = "CPP_study03", "CPP_study03\CPP_study03.vcxproj", "{F939A326-2372-426F-9C33-54811E5109E9}"
EndProject
Global
	GlobalSection(SolutionConfigurationPlatforms) = preSolution
		Debug|x64 = Debug|x64
		Debug|x86 = Debug|x86
		Release|x64 = Release|x64
		Release|x86 = Release|x86
	EndGlobalSection
	GlobalSection(ProjectConfigurationPlatforms) = postSolution
		{F939A326-2372-426F-9C33-54811E5109E9}.Debug|x64.ActiveCfg = Debug|x64
		{F939A326-2372-426F-9C33-54811E5109E9}.Debug|x64.Build.0 = Debug|x64
		{F939A326-2372-426F-9C33-54811E5109E9}.Debug|x86.ActiveCfg = Debug|Win32
		{F939A326-2372-426F-9C33-54811E5109E9}.Debug|x86.Build.0 = Debug|Win32
		{F939A326-2372-426F-9C33-54811E5109E9}.Release|x64.ActiveCfg = Release|x64
		{F939A326-2372-426F-9C33-54811E5109E9}.Release|x64.Build.0 = Release|x64
		{F939A326-2372-426F-9C33-54811E5109E9}.Release|x86.ActiveCfg = Release|Win32
		{F939A326-2372-426F-9C33-54811E5109E9}.Release|x86.Build.0 = Release|Win32
	EndGlobalSection
	GlobalSection(SolutionProperties) = preSolution
		HideSolutionNode = FALSE
	EndGlobalSection
	GlobalSection(ExtensibilityGlobals) = postSolution
		SolutionGuid = {B85EC57F-1230-4A99-9CFC-E1B98B31E558}
	EndGlobalSection
EndGlobal
