
Microsoft Visual Studio Solution File, Format Version 12.00
# Visual Studio Version 17
VisualStudioVersion = 17.0.32112.339
MinimumVisualStudioVersion = 10.0.40219.1
Project("{8BC9CEB8-8B4A-11D0-8D11-00A0C91BC942}") = "CPP_study23_FIleSplit", "CPP_study23_FIleSplit\CPP_study23_FIleSplit.vcxproj", "{8A270B12-3A84-4257-9F69-A73A4548995C}"
EndProject
Global
	GlobalSection(SolutionConfigurationPlatforms) = preSolution
		Debug|x64 = Debug|x64
		Debug|x86 = Debug|x86
		Release|x64 = Release|x64
		Release|x86 = Release|x86
	EndGlobalSection
	GlobalSection(ProjectConfigurationPlatforms) = postSolution
		{8A270B12-3A84-4257-9F69-A73A4548995C}.Debug|x64.ActiveCfg = Debug|x64
		{8A270B12-3A84-4257-9F69-A73A4548995C}.Debug|x64.Build.0 = Debug|x64
		{8A270B12-3A84-4257-9F69-A73A4548995C}.Debug|x86.ActiveCfg = Debug|Win32
		{8A270B12-3A84-4257-9F69-A73A4548995C}.Debug|x86.Build.0 = Debug|Win32
		{8A270B12-3A84-4257-9F69-A73A4548995C}.Release|x64.ActiveCfg = Release|x64
		{8A270B12-3A84-4257-9F69-A73A4548995C}.Release|x64.Build.0 = Release|x64
		{8A270B12-3A84-4257-9F69-A73A4548995C}.Release|x86.ActiveCfg = Release|Win32
		{8A270B12-3A84-4257-9F69-A73A4548995C}.Release|x86.Build.0 = Release|Win32
	EndGlobalSection
	GlobalSection(SolutionProperties) = preSolution
		HideSolutionNode = FALSE
	EndGlobalSection
	GlobalSection(ExtensibilityGlobals) = postSolution
		SolutionGuid = {AA4E8B7F-C4CA-40A8-96A1-54AEB6D19846}
	EndGlobalSection
EndGlobal
