
Microsoft Visual Studio Solution File, Format Version 12.00
# Visual Studio Version 17
VisualStudioVersion = 17.0.32112.339
MinimumVisualStudioVersion = 10.0.40219.1
Project("{8BC9CEB8-8B4A-11D0-8D11-00A0C91BC942}") = "CoffeeVendingMachineUseFunction", "CoffeeVendingMachineUseFunction\CoffeeVendingMachineUseFunction.vcxproj", "{D9DE6A18-D61A-4828-8F9C-2B20B6559CFA}"
EndProject
Global
	GlobalSection(SolutionConfigurationPlatforms) = preSolution
		Debug|x64 = Debug|x64
		Debug|x86 = Debug|x86
		Release|x64 = Release|x64
		Release|x86 = Release|x86
	EndGlobalSection
	GlobalSection(ProjectConfigurationPlatforms) = postSolution
		{D9DE6A18-D61A-4828-8F9C-2B20B6559CFA}.Debug|x64.ActiveCfg = Debug|x64
		{D9DE6A18-D61A-4828-8F9C-2B20B6559CFA}.Debug|x64.Build.0 = Debug|x64
		{D9DE6A18-D61A-4828-8F9C-2B20B6559CFA}.Debug|x86.ActiveCfg = Debug|Win32
		{D9DE6A18-D61A-4828-8F9C-2B20B6559CFA}.Debug|x86.Build.0 = Debug|Win32
		{D9DE6A18-D61A-4828-8F9C-2B20B6559CFA}.Release|x64.ActiveCfg = Release|x64
		{D9DE6A18-D61A-4828-8F9C-2B20B6559CFA}.Release|x64.Build.0 = Release|x64
		{D9DE6A18-D61A-4828-8F9C-2B20B6559CFA}.Release|x86.ActiveCfg = Release|Win32
		{D9DE6A18-D61A-4828-8F9C-2B20B6559CFA}.Release|x86.Build.0 = Release|Win32
	EndGlobalSection
	GlobalSection(SolutionProperties) = preSolution
		HideSolutionNode = FALSE
	EndGlobalSection
	GlobalSection(ExtensibilityGlobals) = postSolution
		SolutionGuid = {5089AFFA-5571-49BA-85AB-29142B18E16B}
	EndGlobalSection
EndGlobal
